
Microsoft Visual Studio Solution File, Format Version 12.00
# Visual Studio Version 17
VisualStudioVersion = 17.0.32112.339
MinimumVisualStudioVersion = 10.0.40219.1
Project("{2150E333-8FDC-42A3-9474-1A3956D46DE8}") = "src", "src", "{50FF83B2-F5B7-4375-A679-97F28F1F590F}"
EndProject
Project("{2150E333-8FDC-42A3-9474-1A3956D46DE8}") = "WebApi", "WebApi", "{30F3B5D0-BFCF-4E6C-A04A-D9DE45B0310D}"
EndProject
Project("{FAE04EC0-301F-11D3-BF4B-00C04F79EFBC}") = "ArionBank.Main", "src\WebApi\ArionBank.Main\ArionBank.Main.csproj", "{B7035692-48A1-44C6-802E-24E42694ECF8}"
EndProject
Global
	GlobalSection(SolutionConfigurationPlatforms) = preSolution
		Debug|Any CPU = Debug|Any CPU
		Release|Any CPU = Release|Any CPU
	EndGlobalSection
	GlobalSection(ProjectConfigurationPlatforms) = postSolution
		{B7035692-48A1-44C6-802E-24E42694ECF8}.Debug|Any CPU.ActiveCfg = Debug|Any CPU
		{B7035692-48A1-44C6-802E-24E42694ECF8}.Debug|Any CPU.Build.0 = Debug|Any CPU
		{B7035692-48A1-44C6-802E-24E42694ECF8}.Release|Any CPU.ActiveCfg = Release|Any CPU
		{B7035692-48A1-44C6-802E-24E42694ECF8}.Release|Any CPU.Build.0 = Release|Any CPU
	EndGlobalSection
	GlobalSection(SolutionProperties) = preSolution
		HideSolutionNode = FALSE
	EndGlobalSection
	GlobalSection(NestedProjects) = preSolution
		{30F3B5D0-BFCF-4E6C-A04A-D9DE45B0310D} = {50FF83B2-F5B7-4375-A679-97F28F1F590F}
		{B7035692-48A1-44C6-802E-24E42694ECF8} = {30F3B5D0-BFCF-4E6C-A04A-D9DE45B0310D}
	EndGlobalSection
	GlobalSection(ExtensibilityGlobals) = postSolution
		SolutionGuid = {943B8982-C4BA-4627-BBD5-805220F879C7}
	EndGlobalSection
EndGlobal
